// !$*UTF8*$!
{
	archiveVersion = 1;
	classes = {
	};
	objectVersion = 50;
	objects = {

/* Begin PBXBuildFile section */
		F1AB9CC424C72790008631D0 /* AppDelegate.swift in Sources */ = {isa = PBXBuildFile; fileRef = F1AB9CC324C72790008631D0 /* AppDelegate.swift */; };
		F1AB9CC624C72790008631D0 /* SceneDelegate.swift in Sources */ = {isa = PBXBuildFile; fileRef = F1AB9CC524C72790008631D0 /* SceneDelegate.swift */; };
		F1AB9CC824C72790008631D0 /* ViewController.swift in Sources */ = {isa = PBXBuildFile; fileRef = F1AB9CC724C72790008631D0 /* ViewController.swift */; };
		F1AB9CCB24C72790008631D0 /* Main.storyboard in Resources */ = {isa = PBXBuildFile; fileRef = F1AB9CC924C72790008631D0 /* Main.storyboard */; };
		F1AB9CCD24C72792008631D0 /* Assets.xcassets in Resources */ = {isa = PBXBuildFile; fileRef = F1AB9CCC24C72792008631D0 /* Assets.xcassets */; };
		F1AB9CD024C72792008631D0 /* LaunchScreen.storyboard in Resources */ = {isa = PBXBuildFile; fileRef = F1AB9CCE24C72792008631D0 /* LaunchScreen.storyboard */; };
		F1AB9CDB24C72792008631D0 /* tipTests.swift in Sources */ = {isa = PBXBuildFile; fileRef = F1AB9CDA24C72792008631D0 /* tipTests.swift */; };
		F1AB9CE624C72792008631D0 /* tipUITests.swift in Sources */ = {isa = PBXBuildFile; fileRef = F1AB9CE524C72792008631D0 /* tipUITests.swift */; };
/* End PBXBuildFile section */

/* Begin PBXContainerItemProxy section */
		F1AB9CD724C72792008631D0 /* PBXContainerItemProxy */ = {
			isa = PBXContainerItemProxy;
			containerPortal = F1AB9CB824C72790008631D0 /* Project object */;
			proxyType = 1;
			remoteGlobalIDString = F1AB9CBF24C72790008631D0;
			remoteInfo = tip;
		};
		F1AB9CE224C72792008631D0 /* PBXContainerItemProxy */ = {
			isa = PBXContainerItemProxy;
			containerPortal = F1AB9CB824C72790008631D0 /* Project object */;
			proxyType = 1;
			remoteGlobalIDString = F1AB9CBF24C72790008631D0;
			remoteInfo = tip;
		};
/* End PBXContainerItemProxy section */

/* Begin PBXFileReference section */
		F1AB9CC024C72790008631D0 /* tip.app */ = {isa = PBXFileReference; explicitFileType = wrapper.application; includeInIndex = 0; path = tip.app; sourceTree = BUILT_PRODUCTS_DIR; };
		F1AB9CC324C72790008631D0 /* AppDelegate.swift */ = {isa = PBXFileReference; lastKnownFileType = sourcecode.swift; path = AppDelegate.swift; sourceTree = "<group>"; };
		F1AB9CC524C72790008631D0 /* SceneDelegate.swift */ = {isa = PBXFileReference; lastKnownFileType = sourcecode.swift; path = SceneDelegate.swift; sourceTree = "<group>"; };
		F1AB9CC724C72790008631D0 /* ViewController.swift */ = {isa = PBXFileReference; lastKnownFileType = sourcecode.swift; path = ViewController.swift; sourceTree = "<group>"; };
		F1AB9CCA24C72790008631D0 /* Base */ = {isa = PBXFileReference; lastKnownFileType = file.storyboard; name = Base; path = Base.lproj/Main.storyboard; sourceTree = "<group>"; };
		F1AB9CCC24C72792008631D0 /* Assets.xcassets */ = {isa = PBXFileReference; lastKnownFileType = folder.assetcatalog; path = Assets.xcassets; sourceTree = "<group>"; };
		F1AB9CCF24C72792008631D0 /* Base */ = {isa = PBXFileReference; lastKnownFileType = file.storyboard; name = Base; path = Base.lproj/LaunchScreen.storyboard; sourceTree = "<group>"; };
		F1AB9CD124C72792008631D0 /* Info.plist */ = {isa = PBXFileReference; lastKnownFileType = text.plist.xml; path = Info.plist; sourceTree = "<group>"; };
		F1AB9CD624C72792008631D0 /* tipTests.xctest */ = {isa = PBXFileReference; explicitFileType = wrapper.cfbundle; includeInIndex = 0; path = tipTests.xctest; sourceTree = BUILT_PRODUCTS_DIR; };
		F1AB9CDA24C72792008631D0 /* tipTests.swift */ = {isa = PBXFileReference; lastKnownFileType = sourcecode.swift; path = tipTests.swift; sourceTree = "<group>"; };
		F1AB9CDC24C72792008631D0 /* Info.plist */ = {isa = PBXFileReference; lastKnownFileType = text.plist.xml; path = Info.plist; sourceTree = "<group>"; };
		F1AB9CE124C72792008631D0 /* tipUITests.xctest */ = {isa = PBXFileReference; explicitFileType = wrapper.cfbundle; includeInIndex = 0; path = tipUITests.xctest; sourceTree = BUILT_PRODUCTS_DIR; };
		F1AB9CE524C72792008631D0 /* tipUITests.swift */ = {isa = PBXFileReference; lastKnownFileType = sourcecode.swift; path = tipUITests.swift; sourceTree = "<group>"; };
		F1AB9CE724C72792008631D0 /* Info.plist */ = {isa = PBXFileReference; lastKnownFileType = text.plist.xml; path = Info.plist; sourceTree = "<group>"; };
/* End PBXFileReference section */

/* Begin PBXFrameworksBuildPhase section */
		F1AB9CBD24C72790008631D0 /* Frameworks */ = {
			isa = PBXFrameworksBuildPhase;
			buildActionMask = 2147483647;
			files = (
			);
			runOnlyForDeploymentPostprocessing = 0;
		};
		F1AB9CD324C72792008631D0 /* Frameworks */ = {
			isa = PBXFrameworksBuildPhase;
			buildActionMask = 2147483647;
			files = (
			);
			runOnlyForDeploymentPostprocessing = 0;
		};
		F1AB9CDE24C72792008631D0 /* Frameworks */ = {
			isa = PBXFrameworksBuildPhase;
			buildActionMask = 2147483647;
			files = (
			);
			runOnlyForDeploymentPostprocessing = 0;
		};
/* End PBXFrameworksBuildPhase section */

/* Begin PBXGroup section */
		F1AB9CB724C72790008631D0 = {
			isa = PBXGroup;
			children = (
				F1AB9CC224C72790008631D0 /* tip */,
				F1AB9CD924C72792008631D0 /* tipTests */,
				F1AB9CE424C72792008631D0 /* tipUITests */,
				F1AB9CC124C72790008631D0 /* Products */,
			);
			sourceTree = "<group>";
		};
		F1AB9CC124C72790008631D0 /* Products */ = {
			isa = PBXGroup;
			children = (
				F1AB9CC024C72790008631D0 /* tip.app */,
				F1AB9CD624C72792008631D0 /* tipTests.xctest */,
				F1AB9CE124C72792008631D0 /* tipUITests.xctest */,
			);
			name = Products;
			sourceTree = "<group>";
		};
		F1AB9CC224C72790008631D0 /* tip */ = {
			isa = PBXGroup;
			children = (
				F1AB9CC324C72790008631D0 /* AppDelegate.swift */,
				F1AB9CC524C72790008631D0 /* SceneDelegate.swift */,
				F1AB9CC724C72790008631D0 /* ViewController.swift */,
				F1AB9CC924C72790008631D0 /* Main.storyboard */,
				F1AB9CCC24C72792008631D0 /* Assets.xcassets */,
				F1AB9CCE24C72792008631D0 /* LaunchScreen.storyboard */,
				F1AB9CD124C72792008631D0 /* Info.plist */,
			);
			path = tip;
			sourceTree = "<group>";
		};
		F1AB9CD924C72792008631D0 /* tipTests */ = {
			isa = PBXGroup;
			children = (
				F1AB9CDA24C72792008631D0 /* tipTests.swift */,
				F1AB9CDC24C72792008631D0 /* Info.plist */,
			);
			path = tipTests;
			sourceTree = "<group>";
		};
		F1AB9CE424C72792008631D0 /* tipUITests */ = {
			isa = PBXGroup;
			children = (
				F1AB9CE524C72792008631D0 /* tipUITests.swift */,
				F1AB9CE724C72792008631D0 /* Info.plist */,
			);
			path = tipUITests;
			sourceTree = "<group>";
		};
/* End PBXGroup section */

/* Begin PBXNativeTarget section */
		F1AB9CBF24C72790008631D0 /* tip */ = {
			isa = PBXNativeTarget;
			buildConfigurationList = F1AB9CEA24C72792008631D0 /* Build configuration list for PBXNativeTarget "tip" */;
			buildPhases = (
				F1AB9CBC24C72790008631D0 /* Sources */,
				F1AB9CBD24C72790008631D0 /* Frameworks */,
				F1AB9CBE24C72790008631D0 /* Resources */,
			);
			buildRules = (
			);
			dependencies = (
			);
			name = tip;
			productName = tip;
			productReference = F1AB9CC024C72790008631D0 /* tip.app */;
			productType = "com.apple.product-type.application";
		};
		F1AB9CD524C72792008631D0 /* tipTests */ = {
			isa = PBXNativeTarget;
			buildConfigurationList = F1AB9CED24C72792008631D0 /* Build configuration list for PBXNativeTarget "tipTests" */;
			buildPhases = (
				F1AB9CD224C72792008631D0 /* Sources */,
				F1AB9CD324C72792008631D0 /* Frameworks */,
				F1AB9CD424C72792008631D0 /* Resources */,
			);
			buildRules = (
			);
			dependencies = (
				F1AB9CD824C72792008631D0 /* PBXTargetDependency */,
			);
			name = tipTests;
			productName = tipTests;
			productReference = F1AB9CD624C72792008631D0 /* tipTests.xctest */;
			productType = "com.apple.product-type.bundle.unit-test";
		};
		F1AB9CE024C72792008631D0 /* tipUITests */ = {
			isa = PBXNativeTarget;
			buildConfigurationList = F1AB9CF024C72792008631D0 /* Build configuration list for PBXNativeTarget "tipUITests" */;
			buildPhases = (
				F1AB9CDD24C72792008631D0 /* Sources */,
				F1AB9CDE24C72792008631D0 /* Frameworks */,
				F1AB9CDF24C72792008631D0 /* Resources */,
			);
			buildRules = (
			);
			dependencies = (
				F1AB9CE324C72792008631D0 /* PBXTargetDependency */,
			);
			name = tipUITests;
			productName = tipUITests;
			productReference = F1AB9CE124C72792008631D0 /* tipUITests.xctest */;
			productType = "com.apple.product-type.bundle.ui-testing";
		};
/* End PBXNativeTarget section */

/* Begin PBXProject section */
		F1AB9CB824C72790008631D0 /* Project object */ = {
			isa = PBXProject;
			attributes = {
				LastSwiftUpdateCheck = 1160;
				LastUpgradeCheck = 1160;
				ORGANIZATIONNAME = "Evans Muzulu";
				TargetAttributes = {
					F1AB9CBF24C72790008631D0 = {
						CreatedOnToolsVersion = 11.6;
					};
					F1AB9CD524C72792008631D0 = {
						CreatedOnToolsVersion = 11.6;
						TestTargetID = F1AB9CBF24C72790008631D0;
					};
					F1AB9CE024C72792008631D0 = {
						CreatedOnToolsVersion = 11.6;
						TestTargetID = F1AB9CBF24C72790008631D0;
					};
				};
			};
			buildConfigurationList = F1AB9CBB24C72790008631D0 /* Build configuration list for PBXProject "tip" */;
			compatibilityVersion = "Xcode 9.3";
			developmentRegion = en;
			hasScannedForEncodings = 0;
			knownRegions = (
				en,
				Base,
			);
			mainGroup = F1AB9CB724C72790008631D0;
			productRefGroup = F1AB9CC124C72790008631D0 /* Products */;
			projectDirPath = "";
			projectRoot = "";
			targets = (
				F1AB9CBF24C72790008631D0 /* tip */,
				F1AB9CD524C72792008631D0 /* tipTests */,
				F1AB9CE024C72792008631D0 /* tipUITests */,
			);
		};
/* End PBXProject section */

/* Begin PBXResourcesBuildPhase section */
		F1AB9CBE24C72790008631D0 /* Resources */ = {
			isa = PBXResourcesBuildPhase;
			buildActionMask = 2147483647;
			files = (
				F1AB9CD024C72792008631D0 /* LaunchScreen.storyboard in Resources */,
				F1AB9CCD24C72792008631D0 /* Assets.xcassets in Resources */,
				F1AB9CCB24C72790008631D0 /* Main.storyboard in Resources */,
			);
			runOnlyForDeploymentPostprocessing = 0;
		};
		F1AB9CD424C72792008631D0 /* Resources */ = {
			isa = PBXResourcesBuildPhase;
			buildActionMask = 2147483647;
			files = (
			);
			runOnlyForDeploymentPostprocessing = 0;
		};
		F1AB9CDF24C72792008631D0 /* Resources */ = {
			isa = PBXResourcesBuildPhase;
			buildActionMask = 2147483647;
			files = (
			);
			runOnlyForDeploymentPostprocessing = 0;
		};
/* End PBXResourcesBuildPhase section */

/* Begin PBXSourcesBuildPhase section */
		F1AB9CBC24C72790008631D0 /* Sources */ = {
			isa = PBXSourcesBuildPhase;
			buildActionMask = 2147483647;
			files = (
				F1AB9CC824C72790008631D0 /* ViewController.swift in Sources */,
				F1AB9CC424C72790008631D0 /* AppDelegate.swift in Sources */,
				F1AB9CC624C72790008631D0 /* SceneDelegate.swift in Sources */,
			);
			runOnlyForDeploymentPostprocessing = 0;
		};
		F1AB9CD224C72792008631D0 /* Sources */ = {
			isa = PBXSourcesBuildPhase;
			buildActionMask = 2147483647;
			files = (
				F1AB9CDB24C72792008631D0 /* tipTests.swift in Sources */,
			);
			runOnlyForDeploymentPostprocessing = 0;
		};
		F1AB9CDD24C72792008631D0 /* Sources */ = {
			isa = PBXSourcesBuildPhase;
			buildActionMask = 2147483647;
			files = (
				F1AB9CE624C72792008631D0 /* tipUITests.swift in Sources */,
			);
			runOnlyForDeploymentPostprocessing = 0;
		};
/* End PBXSourcesBuildPhase section */

/* Begin PBXTargetDependency section */
		F1AB9CD824C72792008631D0 /* PBXTargetDependency */ = {
			isa = PBXTargetDependency;
			target = F1AB9CBF24C72790008631D0 /* tip */;
			targetProxy = F1AB9CD724C72792008631D0 /* PBXContainerItemProxy */;
		};
		F1AB9CE324C72792008631D0 /* PBXTargetDependency */ = {
			isa = PBXTargetDependency;
			target = F1AB9CBF24C72790008631D0 /* tip */;
			targetProxy = F1AB9CE224C72792008631D0 /* PBXContainerItemProxy */;
		};
/* End PBXTargetDependency section */

/* Begin PBXVariantGroup section */
		F1AB9CC924C72790008631D0 /* Main.storyboard */ = {
			isa = PBXVariantGroup;
			children = (
				F1AB9CCA24C72790008631D0 /* Base */,
			);
			name = Main.storyboard;
			sourceTree = "<group>";
		};
		F1AB9CCE24C72792008631D0 /* LaunchScreen.storyboard */ = {
			isa = PBXVariantGroup;
			children = (
				F1AB9CCF24C72792008631D0 /* Base */,
			);
			name = LaunchScreen.storyboard;
			sourceTree = "<group>";
		};
/* End PBXVariantGroup section */

/* Begin XCBuildConfiguration section */
		F1AB9CE824C72792008631D0 /* Debug */ = {
			isa = XCBuildConfiguration;
			buildSettings = {
				ALWAYS_SEARCH_USER_PATHS = NO;
				CLANG_ANALYZER_NONNULL = YES;
				CLANG_ANALYZER_NUMBER_OBJECT_CONVERSION = YES_AGGRESSIVE;
				CLANG_CXX_LANGUAGE_STANDARD = "gnu++14";
				CLANG_CXX_LIBRARY = "libc++";
				CLANG_ENABLE_MODULES = YES;
				CLANG_ENABLE_OBJC_ARC = YES;
				CLANG_ENABLE_OBJC_WEAK = YES;
				CLANG_WARN_BLOCK_CAPTURE_AUTORELEASING = YES;
				CLANG_WARN_BOOL_CONVERSION = YES;
				CLANG_WARN_COMMA = YES;
				CLANG_WARN_CONSTANT_CONVERSION = YES;
				CLANG_WARN_DEPRECATED_OBJC_IMPLEMENTATIONS = YES;
				CLANG_WARN_DIRECT_OBJC_ISA_USAGE = YES_ERROR;
				CLANG_WARN_DOCUMENTATION_COMMENTS = YES;
				CLANG_WARN_EMPTY_BODY = YES;
				CLANG_WARN_ENUM_CONVERSION = YES;
				CLANG_WARN_INFINITE_RECURSION = YES;
				CLANG_WARN_INT_CONVERSION = YES;
				CLANG_WARN_NON_LITERAL_NULL_CONVERSION = YES;
				CLANG_WARN_OBJC_IMPLICIT_RETAIN_SELF = YES;
				CLANG_WARN_OBJC_LITERAL_CONVERSION = YES;
				CLANG_WARN_OBJC_ROOT_CLASS = YES_ERROR;
				CLANG_WARN_RANGE_LOOP_ANALYSIS = YES;
				CLANG_WARN_STRICT_PROTOTYPES = YES;
				CLANG_WARN_SUSPICIOUS_MOVE = YES;
				CLANG_WARN_UNGUARDED_AVAILABILITY = YES_AGGRESSIVE;
				CLANG_WARN_UNREACHABLE_CODE = YES;
				CLANG_WARN__DUPLICATE_METHOD_MATCH = YES;
				COPY_PHASE_STRIP = NO;
				DEBUG_INFORMATION_FORMAT = dwarf;
				ENABLE_STRICT_OBJC_MSGSEND = YES;
				ENABLE_TESTABILITY = YES;
				GCC_C_LANGUAGE_STANDARD = gnu11;
				GCC_DYNAMIC_NO_PIC = NO;
				GCC_NO_COMMON_BLOCKS = YES;
				GCC_OPTIMIZATION_LEVEL = 0;
				GCC_PREPROCESSOR_DEFINITIONS = (
					"DEBUG=1",
					"$(inherited)",
				);
				GCC_WARN_64_TO_32_BIT_CONVERSION = YES;
				GCC_WARN_ABOUT_RETURN_TYPE = YES_ERROR;
				GCC_WARN_UNDECLARED_SELECTOR = YES;
				GCC_WARN_UNINITIALIZED_AUTOS = YES_AGGRESSIVE;
				GCC_WARN_UNUSED_FUNCTION = YES;
				GCC_WARN_UNUSED_VARIABLE = YES;
				IPHONEOS_DEPLOYMENT_TARGET = 13.6;
				MTL_ENABLE_DEBUG_INFO = INCLUDE_SOURCE;
				MTL_FAST_MATH = YES;
				ONLY_ACTIVE_ARCH = YES;
				SDKROOT = iphoneos;
				SWIFT_ACTIVE_COMPILATION_CONDITIONS = DEBUG;
				SWIFT_OPTIMIZATION_LEVEL = "-Onone";
			};
			name = Debug;
		};
		F1AB9CE924C72792008631D0 /* Release */ = {
			isa = XCBuildConfiguration;
			buildSettings = {
				ALWAYS_SEARCH_USER_PATHS = NO;
				CLANG_ANALYZER_NONNULL = YES;
				CLANG_ANALYZER_NUMBER_OBJECT_CONVERSION = YES_AGGRESSIVE;
				CLANG_CXX_LANGUAGE_STANDARD = "gnu++14";
				CLANG_CXX_LIBRARY = "libc++";
				CLANG_ENABLE_MODULES = YES;
				CLANG_ENABLE_OBJC_ARC = YES;
				CLANG_ENABLE_OBJC_WEAK = YES;
				CLANG_WARN_BLOCK_CAPTURE_AUTORELEASING = YES;
				CLANG_WARN_BOOL_CONVERSION = YES;
				CLANG_WARN_COMMA = YES;
				CLANG_WARN_CONSTANT_CONVERSION = YES;
				CLANG_WARN_DEPRECATED_OBJC_IMPLEMENTATIONS = YES;
				CLANG_WARN_DIRECT_OBJC_ISA_USAGE = YES_ERROR;
				CLANG_WARN_DOCUMENTATION_COMMENTS = YES;
				CLANG_WARN_EMPTY_BODY = YES;
				CLANG_WARN_ENUM_CONVERSION = YES;
				CLANG_WARN_INFINITE_RECURSION = YES;
				CLANG_WARN_INT_CONVERSION = YES;
				CLANG_WARN_NON_LITERAL_NULL_CONVERSION = YES;
				CLANG_WARN_OBJC_IMPLICIT_RETAIN_SELF = YES;
				CLANG_WARN_OBJC_LITERAL_CONVERSION = YES;
				CLANG_WARN_OBJC_ROOT_CLASS = YES_ERROR;
				CLANG_WARN_RANGE_LOOP_ANALYSIS = YES;
				CLANG_WARN_STRICT_PROTOTYPES = YES;
				CLANG_WARN_SUSPICIOUS_MOVE = YES;
				CLANG_WARN_UNGUARDED_AVAILABILITY = YES_AGGRESSIVE;
				CLANG_WARN_UNREACHABLE_CODE = YES;
				CLANG_WARN__DUPLICATE_METHOD_MATCH = YES;
				COPY_PHASE_STRIP = NO;
				DEBUG_INFORMATION_FORMAT = "dwarf-with-dsym";
				ENABLE_NS_ASSERTIONS = NO;
				ENABLE_STRICT_OBJC_MSGSEND = YES;
				GCC_C_LANGUAGE_STANDARD = gnu11;
				GCC_NO_COMMON_BLOCKS = YES;
				GCC_WARN_64_TO_32_BIT_CONVERSION = YES;
				GCC_WARN_ABOUT_RETURN_TYPE = YES_ERROR;
				GCC_WARN_UNDECLARED_SELECTOR = YES;
				GCC_WARN_UNINITIALIZED_AUTOS = YES_AGGRESSIVE;
				GCC_WARN_UNUSED_FUNCTION = YES;
				GCC_WARN_UNUSED_VARIABLE = YES;
				IPHONEOS_DEPLOYMENT_TARGET = 13.6;
				MTL_ENABLE_DEBUG_INFO = NO;
				MTL_FAST_MATH = YES;
				SDKROOT = iphoneos;
				SWIFT_COMPILATION_MODE = wholemodule;
				SWIFT_OPTIMIZATION_LEVEL = "-O";
				VALIDATE_PRODUCT = YES;
			};
			name = Release;
		};
		F1AB9CEB24C72792008631D0 /* Debug */ = {
			isa = XCBuildConfiguration;
			buildSettings = {
				ASSETCATALOG_COMPILER_APPICON_NAME = AppIcon;
				CODE_SIGN_STYLE = Automatic;
				DEVELOPMENT_TEAM = MPX7ZDX8CZ;
				INFOPLIST_FILE = tip/Info.plist;
				LD_RUNPATH_SEARCH_PATHS = (
					"$(inherited)",
					"@executable_path/Frameworks",
				);
				PRODUCT_BUNDLE_IDENTIFIER = com.emuzulu.tip;
				PRODUCT_NAME = "$(TARGET_NAME)";
				SWIFT_VERSION = 5.0;
				TARGETED_DEVICE_FAMILY = "1,2";
			};
			name = Debug;
		};
		F1AB9CEC24C72792008631D0 /* Release */ = {
			isa = XCBuildConfiguration;
			buildSettings = {
				ASSETCATALOG_COMPILER_APPICON_NAME = AppIcon;
				CODE_SIGN_STYLE = Automatic;
				DEVELOPMENT_TEAM = MPX7ZDX8CZ;
				INFOPLIST_FILE = tip/Info.plist;
				LD_RUNPATH_SEARCH_PATHS = (
					"$(inherited)",
					"@executable_path/Frameworks",
				);
				PRODUCT_BUNDLE_IDENTIFIER = com.emuzulu.tip;
				PRODUCT_NAME = "$(TARGET_NAME)";
				SWIFT_VERSION = 5.0;
				TARGETED_DEVICE_FAMILY = "1,2";
			};
			name = Release;
		};
		F1AB9CEE24C72792008631D0 /* Debug */ = {
			isa = XCBuildConfiguration;
			buildSettings = {
				ALWAYS_EMBED_SWIFT_STANDARD_LIBRARIES = YES;
				BUNDLE_LOADER = "$(TEST_HOST)";
				CODE_SIGN_STYLE = Automatic;
				DEVELOPMENT_TEAM = MPX7ZDX8CZ;
				INFOPLIST_FILE = tipTests/Info.plist;
				IPHONEOS_DEPLOYMENT_TARGET = 13.6;
				LD_RUNPATH_SEARCH_PATHS = (
					"$(inherited)",
					"@executable_path/Frameworks",
					"@loader_path/Frameworks",
				);
				PRODUCT_BUNDLE_IDENTIFIER = com.emuzulu.tipTests;
				PRODUCT_NAME = "$(TARGET_NAME)";
				SWIFT_VERSION = 5.0;
				TARGETED_DEVICE_FAMILY = "1,2";
				TEST_HOST = "$(BUILT_PRODUCTS_DIR)/tip.app/tip";
			};
			name = Debug;
		};
		F1AB9CEF24C72792008631D0 /* Release */ = {
			isa = XCBuildConfiguration;
			buildSettings = {
				ALWAYS_EMBED_SWIFT_STANDARD_LIBRARIES = YES;
				BUNDLE_LOADER = "$(TEST_HOST)";
				CODE_SIGN_STYLE = Automatic;
				DEVELOPMENT_TEAM = MPX7ZDX8CZ;
				INFOPLIST_FILE = tipTests/Info.plist;
				IPHONEOS_DEPLOYMENT_TARGET = 13.6;
				LD_RUNPATH_SEARCH_PATHS = (
					"$(inherited)",
					"@executable_path/Frameworks",
					"@loader_path/Frameworks",
				);
				PRODUCT_BUNDLE_IDENTIFIER = com.emuzulu.tipTests;
				PRODUCT_NAME = "$(TARGET_NAME)";
				SWIFT_VERSION = 5.0;
				TARGETED_DEVICE_FAMILY = "1,2";
				TEST_HOST = "$(BUILT_PRODUCTS_DIR)/tip.app/tip";
			};
			name = Release;
		};
		F1AB9CF124C72792008631D0 /* Debug */ = {
			isa = XCBuildConfiguration;
			buildSettings = {
				ALWAYS_EMBED_SWIFT_STANDARD_LIBRARIES = YES;
				CODE_SIGN_STYLE = Automatic;
				DEVELOPMENT_TEAM = MPX7ZDX8CZ;
				INFOPLIST_FILE = tipUITests/Info.plist;
				LD_RUNPATH_SEARCH_PATHS = (
					"$(inherited)",
					"@executable_path/Frameworks",
					"@loader_path/Frameworks",
				);
				PRODUCT_BUNDLE_IDENTIFIER = com.emuzulu.tipUITests;
				PRODUCT_NAME = "$(TARGET_NAME)";
				SWIFT_VERSION = 5.0;
				TARGETED_DEVICE_FAMILY = "1,2";
				TEST_TARGET_NAME = tip;
			};
			name = Debug;
		};
		F1AB9CF224C72792008631D0 /* Release */ = {
			isa = XCBuildConfiguration;
			buildSettings = {
				ALWAYS_EMBED_SWIFT_STANDARD_LIBRARIES = YES;
				CODE_SIGN_STYLE = Automatic;
				DEVELOPMENT_TEAM = MPX7ZDX8CZ;
				INFOPLIST_FILE = tipUITests/Info.plist;
				LD_RUNPATH_SEARCH_PATHS = (
					"$(inherited)",
					"@executable_path/Frameworks",
					"@loader_path/Frameworks",
				);
				PRODUCT_BUNDLE_IDENTIFIER = com.emuzulu.tipUITests;
				PRODUCT_NAME = "$(TARGET_NAME)";
				SWIFT_VERSION = 5.0;
				TARGETED_DEVICE_FAMILY = "1,2";
				TEST_TARGET_NAME = tip;
			};
			name = Release;
		};
/* End XCBuildConfiguration section */

/* Begin XCConfigurationList section */
		F1AB9CBB24C72790008631D0 /* Build configuration list for PBXProject "tip" */ = {
			isa = XCConfigurationList;
			buildConfigurations = (
				F1AB9CE824C72792008631D0 /* Debug */,
				F1AB9CE924C72792008631D0 /* Release */,
			);
			defaultConfigurationIsVisible = 0;
			defaultConfigurationName = Release;
		};
		F1AB9CEA24C72792008631D0 /* Build configuration list for PBXNativeTarget "tip" */ = {
			isa = XCConfigurationList;
			buildConfigurations = (
				F1AB9CEB24C72792008631D0 /* Debug */,
				F1AB9CEC24C72792008631D0 /* Release */,
			);
			defaultConfigurationIsVisible = 0;
			defaultConfigurationName = Release;
		};
		F1AB9CED24C72792008631D0 /* Build configuration list for PBXNativeTarget "tipTests" */ = {
			isa = XCConfigurationList;
			buildConfigurations = (
				F1AB9CEE24C72792008631D0 /* Debug */,
				F1AB9CEF24C72792008631D0 /* Release */,
			);
			defaultConfigurationIsVisible = 0;
			defaultConfigurationName = Release;
		};
		F1AB9CF024C72792008631D0 /* Build configuration list for PBXNativeTarget "tipUITests" */ = {
			isa = XCConfigurationList;
			buildConfigurations = (
				F1AB9CF124C72792008631D0 /* Debug */,
				F1AB9CF224C72792008631D0 /* Release */,
			);
			defaultConfigurationIsVisible = 0;
			defaultConfigurationName = Release;
		};
/* End XCConfigurationList section */
	};
	rootObject = F1AB9CB824C72790008631D0 /* Project object */;
}
